{
  "name": "@markjameshoward/say-hi-plugin",
  "version": "2.0.2",
  "lockfileVersion": 3,
  "requires": true,
  "packages": {
    "": {
      "name": "@markjameshoward/say-hi-plugin",
      "version": "2.0.2",
      "license": "ISC",
      "devDependencies": {
        "typescript": "^4.9.5"
      },
      "peerDependencies": {
        "@markjameshoward/say-hi": "^0.0.1"
      }
    },
    "node_modules/@markjameshoward/say-hi": {
      "version": "0.0.1",
      "resolved": "https://registry.npmjs.org/@markjameshoward/say-hi/-/say-hi-0.0.1.tgz",
      "integrity": "sha512-rWP6hU7olLsJZijmuyZaIVJPTo/PzSVoUUMHoT1uWn65c80f8j27+BOHbtE4wrnaG9+qdpWB1N6CspyPgSZnng==",
      "peer": true
    },
    "node_modules/typescript": {
      "version": "4.9.5",
      "dev": true,
      "license": "Apache-2.0",
      "bin": {
        "tsc": "bin/tsc",
        "tsserver": "bin/tsserver"
      },
      "engines": {
        "node": ">=4.2.0"
      }
    }
  }
}
